
Microsoft Visual Studio Solution File, Format Version 12.00
# Visual Studio Version 17
VisualStudioVersion = 17.4.33205.214
MinimumVisualStudioVersion = 10.0.40219.1
Project("{FAE04EC0-301F-11D3-BF4B-00C04F79EFBC}") = "Playticket", "Playticket\Playticket.csproj", "{2CEFF958-9FF1-4C00-93E7-448948EFC31B}"
EndProject
Project("{FAE04EC0-301F-11D3-BF4B-00C04F79EFBC}") = "Playticket.UnitTests", "Playticket.UnitTests\Playticket.UnitTests.csproj", "{706427CD-8444-41DB-9433-CECD566532E0}"
EndProject
Global
	GlobalSection(SolutionConfigurationPlatforms) = preSolution
		Debug|Any CPU = Debug|Any CPU
		Release|Any CPU = Release|Any CPU
	EndGlobalSection
	GlobalSection(ProjectConfigurationPlatforms) = postSolution
		{2CEFF958-9FF1-4C00-93E7-448948EFC31B}.Debug|Any CPU.ActiveCfg = Debug|Any CPU
		{2CEFF958-9FF1-4C00-93E7-448948EFC31B}.Debug|Any CPU.Build.0 = Debug|Any CPU
		{2CEFF958-9FF1-4C00-93E7-448948EFC31B}.Release|Any CPU.ActiveCfg = Release|Any CPU
		{2CEFF958-9FF1-4C00-93E7-448948EFC31B}.Release|Any CPU.Build.0 = Release|Any CPU
		{706427CD-8444-41DB-9433-CECD566532E0}.Debug|Any CPU.ActiveCfg = Debug|Any CPU
		{706427CD-8444-41DB-9433-CECD566532E0}.Debug|Any CPU.Build.0 = Debug|Any CPU
		{706427CD-8444-41DB-9433-CECD566532E0}.Release|Any CPU.ActiveCfg = Release|Any CPU
		{706427CD-8444-41DB-9433-CECD566532E0}.Release|Any CPU.Build.0 = Release|Any CPU
	EndGlobalSection
	GlobalSection(SolutionProperties) = preSolution
		HideSolutionNode = FALSE
	EndGlobalSection
	GlobalSection(ExtensibilityGlobals) = postSolution
		SolutionGuid = {5A48D435-573A-4400-8AF2-81F1780CA1CD}
	EndGlobalSection
EndGlobal
